<?xml version="1.0" encoding="utf-8"?>
<Project ToolsVersion="4.0" xmlns="http://schemas.microsoft.com/developer/msbuild/2003">
  <ItemGroup>
    <Filter Include="Source Files">
      <UniqueIdentifier>{4FC737F1-C7A5-4376-A066-2A32D752A2FF}</UniqueIdentifier>
      <Extensions>cpp;c;cc;cxx;def;odl;idl;hpj;bat;asm;asmx</Extensions>
    </Filter>
    <Filter Include="Header Files">
      <UniqueIdentifier>{93995380-89BD-4b04-88EB-625FBE52EBFB}</UniqueIdentifier>
      <Extensions>h;hpp;hxx;hm;inl;inc;xsd</Extensions>
    </Filter>
    <Filter Include="Resource Files">
      <UniqueIdentifier>{67DA6AB6-F800-4c08-8B7A-83BB121AAD01}</UniqueIdentifier>
      <Extensions>rc;ico;cur;bmp;dlg;rc2;rct;bin;rgs;gif;jpg;jpeg;jpe;resx;tiff;tif;png;wav</Extensions>
    </Filter>
  </ItemGroup>
  <ItemGroup>
    <ClCompile Include="Kent_ctrlDlg.cpp">
      <Filter>Source Files</Filter>
    </ClCompile>
    <ClCompile Include="Kent_gameDlg.cpp">
      <Filter>Source Files</Filter>
    </ClCompile>
    <ClCompile Include="kent_helpDlg.cpp">
      <Filter>Source Files</Filter>
    </ClCompile>
    <ClCompile Include="kent_herosDlg.cpp">
      <Filter>Source Files</Filter>
    </ClCompile>
    <ClCompile Include="Kent_log.cpp">
      <Filter>Source Files</Filter>
    </ClCompile>
    <ClCompile Include="kent_registerDlg.cpp">
      <Filter>Source Files</Filter>
    </ClCompile>
    <ClCompile Include="kent_windows.cpp">
      <Filter>Source Files</Filter>
    </ClCompile>
    <ClCompile Include="Md5.cpp">
      <Filter>Source Files</Filter>
    </ClCompile>
    <ClCompile Include="menuDlg.cpp">
      <Filter>Source Files</Filter>
    </ClCompile>
    <ClCompile Include="script.cpp">
      <Filter>Source Files</Filter>
    </ClCompile>
    <ClCompile Include="StdAfx.cpp">
      <Filter>Source Files</Filter>
    </ClCompile>
    <ClCompile Include="vc6.cpp">
      <Filter>Source Files</Filter>
    </ClCompile>
    <ClCompile Include="kent_reg_login.cpp">
      <Filter>Source Files</Filter>
    </ClCompile>
    <ClCompile Include="kent_reg_modifyDlg.cpp">
      <Filter>Source Files</Filter>
    </ClCompile>
    <ClCompile Include="kent_reg_rechargeDlg.cpp">
      <Filter>Source Files</Filter>
    </ClCompile>
    <ClCompile Include="kent_reg_regDlg.cpp">
      <Filter>Source Files</Filter>
    </ClCompile>
    <ClCompile Include="kent_studioDlg.cpp">
      <Filter>Source Files</Filter>
    </ClCompile>
    <ClCompile Include="Kent_forever.cpp">
      <Filter>Source Files</Filter>
    </ClCompile>
    <ClCompile Include="kent_reg_login_ever.cpp">
      <Filter>Source Files</Filter>
    </ClCompile>
    <ClCompile Include="kent_reg_modify_everDlg.cpp">
      <Filter>Source Files</Filter>
    </ClCompile>
    <ClCompile Include="kent_reg_recharge_everDlg.cpp">
      <Filter>Source Files</Filter>
    </ClCompile>
    <ClCompile Include="kent_reg_reg_everDlg.cpp">
      <Filter>Source Files</Filter>
    </ClCompile>
    <ClCompile Include="global.cpp">
      <Filter>Source Files</Filter>
    </ClCompile>
    <ClCompile Include="Ckent_request.cpp">
      <Filter>Source Files</Filter>
    </ClCompile>
  </ItemGroup>
  <ItemGroup>
    <ClInclude Include="CClouds_c.h">
      <Filter>Header Files</Filter>
    </ClInclude>
    <ClInclude Include="Cdm_basis.h">
      <Filter>Header Files</Filter>
    </ClInclude>
    <ClInclude Include="dm.h">
      <Filter>Header Files</Filter>
    </ClInclude>
    <ClInclude Include="Kent_ctrlDlg.h">
      <Filter>Header Files</Filter>
    </ClInclude>
    <ClInclude Include="Kent_gameDlg.h">
      <Filter>Header Files</Filter>
    </ClInclude>
    <ClInclude Include="kent_helpDlg.h">
      <Filter>Header Files</Filter>
    </ClInclude>
    <ClInclude Include="kent_herosDlg.h">
      <Filter>Header Files</Filter>
    </ClInclude>
    <ClInclude Include="Kent_log.h">
      <Filter>Header Files</Filter>
    </ClInclude>
    <ClInclude Include="kent_registerDlg.h">
      <Filter>Header Files</Filter>
    </ClInclude>
    <ClInclude Include="kent_whole.h">
      <Filter>Header Files</Filter>
    </ClInclude>
    <ClInclude Include="kent_windows.h">
      <Filter>Header Files</Filter>
    </ClInclude>
    <ClInclude Include="Md5.h">
      <Filter>Header Files</Filter>
    </ClInclude>
    <ClInclude Include="menuDlg.h">
      <Filter>Header Files</Filter>
    </ClInclude>
    <ClInclude Include="resource.h">
      <Filter>Header Files</Filter>
    </ClInclude>
    <ClInclude Include="script.h">
      <Filter>Header Files</Filter>
    </ClInclude>
    <ClInclude Include="StdAfx.h">
      <Filter>Header Files</Filter>
    </ClInclude>
    <ClInclude Include="vc6.h">
      <Filter>Header Files</Filter>
    </ClInclude>
    <ClInclude Include="VMProtectSDK.h">
      <Filter>Header Files</Filter>
    </ClInclude>
    <ClInclude Include="Cv901.h">
      <Filter>Header Files</Filter>
    </ClInclude>
    <ClInclude Include="kent_reg_login.h">
      <Filter>Header Files</Filter>
    </ClInclude>
    <ClInclude Include="kent_reg_modifyDlg.h">
      <Filter>Header Files</Filter>
    </ClInclude>
    <ClInclude Include="kent_reg_rechargeDlg.h">
      <Filter>Header Files</Filter>
    </ClInclude>
    <ClInclude Include="kent_reg_regDlg.h">
      <Filter>Header Files</Filter>
    </ClInclude>
    <ClInclude Include="kent_studioDlg.h">
      <Filter>Header Files</Filter>
    </ClInclude>
    <ClInclude Include="CDama2Ctrl.h">
      <Filter>Header Files</Filter>
    </ClInclude>
    <ClInclude Include="Cdyf.h">
      <Filter>Header Files</Filter>
    </ClInclude>
    <ClInclude Include="Kent_forever.h">
      <Filter>Header Files</Filter>
    </ClInclude>
    <ClInclude Include="kent_reg_login_ever.h">
      <Filter>Header Files</Filter>
    </ClInclude>
    <ClInclude Include="kent_reg_modify_everDlg.h">
      <Filter>Header Files</Filter>
    </ClInclude>
    <ClInclude Include="kent_reg_recharge_everDlg.h">
      <Filter>Header Files</Filter>
    </ClInclude>
    <ClInclude Include="kent_reg_reg_everDlg.h">
      <Filter>Header Files</Filter>
    </ClInclude>
    <ClInclude Include="global.h">
      <Filter>Header Files</Filter>
    </ClInclude>
    <ClInclude Include="Ckent_request.h">
      <Filter>Header Files</Filter>
    </ClInclude>
    <ClInclude Include="CTSPlugInterFace.h">
      <Filter>Header Files</Filter>
    </ClInclude>
  </ItemGroup>
  <ItemGroup>
    <ResourceCompile Include="vc6.rc">
      <Filter>Resource Files</Filter>
    </ResourceCompile>
  </ItemGroup>
  <ItemGroup>
    <None Include="res\vc6.rc2">
      <Filter>Resource Files</Filter>
    </None>
  </ItemGroup>
  <ItemGroup>
    <Image Include="res\vc6.ico">
      <Filter>Resource Files</Filter>
    </Image>
    <Image Include="res\EVER.ico">
      <Filter>Resource Files</Filter>
    </Image>
    <Image Include="res\icon1.ico">
      <Filter>Resource Files</Filter>
    </Image>
  </ItemGroup>
</Project>